{
  "name": "geocamUtil",
  "version": "1.0.0",
  "lockfileVersion": 1,
  "requires": true,
  "dependencies": {
    "bootstrap": {
      "version": "4.0.0-alpha.6",
      "resolved": "https://registry.npmjs.org/bootstrap/-/bootstrap-4.0.0-alpha.6.tgz",
      "integrity": "sha1-T1TdM6wN6sOyhAe8LffsYIhpycg=",
      "requires": {
        "jquery": "3.2.1",
        "tether": "1.4.3"
      }
    },
    "datatables": {
      "version": "1.10.13",
      "resolved": "https://registry.npmjs.org/datatables/-/datatables-1.10.13.tgz",
      "integrity": "sha1-m7Lexvfc8CBJoA5PDn0/4AnDk0Y=",
      "requires": {
        "jquery": "3.2.1"
      }
    },
    "datatables.net": {
      "version": "1.10.16",
      "resolved": "https://registry.npmjs.org/datatables.net/-/datatables.net-1.10.16.tgz",
      "integrity": "sha1-SwUtEIKCQmG2ju2dInQbcR09JGk=",
      "requires": {
        "jquery": "3.2.1"
      }
    },
    "datatables.net-select": {
      "version": "1.2.5",
      "resolved": "https://registry.npmjs.org/datatables.net-select/-/datatables.net-select-1.2.5.tgz",
      "integrity": "sha1-T3ZGabRk1VdqWcV2wSUKXQaaouk=",
      "requires": {
        "datatables.net": "1.10.16",
        "jquery": "3.2.1"
      }
    },
    "font-awesome": {
      "version": "4.7.0",
      "resolved": "https://registry.npmjs.org/font-awesome/-/font-awesome-4.7.0.tgz",
      "integrity": "sha1-j6jPBBGhoxr9B7BtKQK7n8gVoTM="
    },
    "jquery": {
      "version": "3.2.1",
      "resolved": "https://registry.npmjs.org/jquery/-/jquery-3.2.1.tgz",
      "integrity": "sha1-XE2d5lKvbNCncBVKYxu6ErAVx4c="
    },
    "jquery-jeditable": {
      "version": "1.8.0",
      "resolved": "https://registry.npmjs.org/jquery-jeditable/-/jquery-jeditable-1.8.0.tgz",
      "integrity": "sha512-csxiBCGfOEQnIcbYvoIFbgI+V6O65LoKqqrC6VApX90VlKUUOLyQvuQSRGGHwNXPKs3XTXyPxsPdbc6KNGEZ/w=="
    },
    "jquery-ui-dist": {
      "version": "github:VWoeltjen/jquery-ui-dist#6870b6193b376eedb3b08449ba13d916ab674921"
    },
    "jquery-ui-timepicker-addon": {
      "version": "1.6.3",
      "resolved": "https://registry.npmjs.org/jquery-ui-timepicker-addon/-/jquery-ui-timepicker-addon-1.6.3.tgz",
      "integrity": "sha1-gDfDmwtjAoLdCzfditf8XhFjN38="
    },
    "jquery-validation": {
      "version": "1.17.0",
      "resolved": "https://registry.npmjs.org/jquery-validation/-/jquery-validation-1.17.0.tgz",
      "integrity": "sha512-XddiAwhGdWhcIJ+W3ri3KG8uTPMua4TPYuUIC8/E7lOyqdScG5xHuy9YishlKc0c/lIQai77EX7hxMdTSYCEjA==",
      "requires": {
        "jquery": "3.2.1"
      }
    },
    "moment": {
      "version": "2.21.0",
      "resolved": "https://registry.npmjs.org/moment/-/moment-2.21.0.tgz",
      "integrity": "sha512-TCZ36BjURTeFTM/CwRcViQlfkMvL1/vFISuNLO5GkcVm1+QHfbSiNqZuWeMFjj1/3+uAjXswgRk30j1kkLYJBQ=="
    },
    "moment-timezone": {
      "version": "0.5.14",
      "resolved": "https://registry.npmjs.org/moment-timezone/-/moment-timezone-0.5.14.tgz",
      "integrity": "sha1-TrOP+VOLgBCLpGekWPPtQmjM/LE=",
      "requires": {
        "moment": "2.21.0"
      }
    },
    "tether": {
      "version": "1.4.3",
      "resolved": "https://registry.npmjs.org/tether/-/tether-1.4.3.tgz",
      "integrity": "sha512-YCfE/Ym9MpZpzUmzbek7MiLEyTofxx2YS0rJfSOUXX0aZtfQgxcgw7/Re2oGJUsREWZtEF0DzBKCjqH+DzgL6A=="
    },
    "underscore": {
      "version": "1.8.3",
      "resolved": "https://registry.npmjs.org/underscore/-/underscore-1.8.3.tgz",
      "integrity": "sha1-Tz+1OxBuYJf8+ctBCfKl6b36UCI="
    }
  }
}
